
Microsoft Visual Studio Solution File, Format Version 12.00
# Visual Studio Version 17
VisualStudioVersion = 17.0.31903.59
MinimumVisualStudioVersion = 10.0.40219.1
Project("{FAE04EC0-301F-11D3-BF4B-00C04F79EFBC}") = "CalculadoraTestes", "CalculadoraTestes\CalculadoraTestes.csproj", "{D278F458-563C-4235-AE6D-C34F78D26DFC}"
EndProject
Project("{FAE04EC0-301F-11D3-BF4B-00C04F79EFBC}") = "Calculadora", "Calculadora\Calculadora.csproj", "{008E821D-7C82-4CC3-B707-A3E0775FA7C9}"
EndProject
Global
	GlobalSection(SolutionConfigurationPlatforms) = preSolution
		Debug|Any CPU = Debug|Any CPU
		Release|Any CPU = Release|Any CPU
	EndGlobalSection
	GlobalSection(SolutionProperties) = preSolution
		HideSolutionNode = FALSE
	EndGlobalSection
	GlobalSection(ProjectConfigurationPlatforms) = postSolution
		{D278F458-563C-4235-AE6D-C34F78D26DFC}.Debug|Any CPU.ActiveCfg = Debug|Any CPU
		{D278F458-563C-4235-AE6D-C34F78D26DFC}.Debug|Any CPU.Build.0 = Debug|Any CPU
		{D278F458-563C-4235-AE6D-C34F78D26DFC}.Release|Any CPU.ActiveCfg = Release|Any CPU
		{D278F458-563C-4235-AE6D-C34F78D26DFC}.Release|Any CPU.Build.0 = Release|Any CPU
		{008E821D-7C82-4CC3-B707-A3E0775FA7C9}.Debug|Any CPU.ActiveCfg = Debug|Any CPU
		{008E821D-7C82-4CC3-B707-A3E0775FA7C9}.Debug|Any CPU.Build.0 = Debug|Any CPU
		{008E821D-7C82-4CC3-B707-A3E0775FA7C9}.Release|Any CPU.ActiveCfg = Release|Any CPU
		{008E821D-7C82-4CC3-B707-A3E0775FA7C9}.Release|Any CPU.Build.0 = Release|Any CPU
	EndGlobalSection
EndGlobal
